
Microsoft Visual Studio Solution File, Format Version 12.00
# Visual Studio Version 16
VisualStudioVersion = 16.0.31205.134
MinimumVisualStudioVersion = 10.0.40219.1
Project("{9A19103F-16F7-4668-BE54-9A1E7A4F7556}") = "MultiThread", "MultiThread\MultiThread.csproj", "{D0318DBE-0B2C-4DB5-8661-827CF7817BFC}"
EndProject
Project("{9A19103F-16F7-4668-BE54-9A1E7A4F7556}") = "Socket", "Socket\Socket.csproj", "{ECB0029F-FF15-4C3B-AEAA-CFF22B1F4C07}"
EndProject
Project("{9A19103F-16F7-4668-BE54-9A1E7A4F7556}") = "DesignPatterns", "DesignPatterns\DesignPatterns.csproj", "{0C186B47-927B-41DA-B6E4-470756507794}"
EndProject
Project("{2150E333-8FDC-42A3-9474-1A3956D46DE8}") = "js", "js", "{B972CF29-0A56-4AB3-A11B-6A11E140435A}"
EndProject
Project("{2150E333-8FDC-42A3-9474-1A3956D46DE8}") = "基础", "基础", "{127C8346-560A-4C3C-999C-3990C6FD15E0}"
EndProject
Global
	GlobalSection(SolutionConfigurationPlatforms) = preSolution
		Debug|Any CPU = Debug|Any CPU
		Release|Any CPU = Release|Any CPU
	EndGlobalSection
	GlobalSection(ProjectConfigurationPlatforms) = postSolution
		{D0318DBE-0B2C-4DB5-8661-827CF7817BFC}.Debug|Any CPU.ActiveCfg = Debug|Any CPU
		{D0318DBE-0B2C-4DB5-8661-827CF7817BFC}.Debug|Any CPU.Build.0 = Debug|Any CPU
		{D0318DBE-0B2C-4DB5-8661-827CF7817BFC}.Release|Any CPU.ActiveCfg = Release|Any CPU
		{D0318DBE-0B2C-4DB5-8661-827CF7817BFC}.Release|Any CPU.Build.0 = Release|Any CPU
		{ECB0029F-FF15-4C3B-AEAA-CFF22B1F4C07}.Debug|Any CPU.ActiveCfg = Debug|Any CPU
		{ECB0029F-FF15-4C3B-AEAA-CFF22B1F4C07}.Debug|Any CPU.Build.0 = Debug|Any CPU
		{ECB0029F-FF15-4C3B-AEAA-CFF22B1F4C07}.Release|Any CPU.ActiveCfg = Release|Any CPU
		{ECB0029F-FF15-4C3B-AEAA-CFF22B1F4C07}.Release|Any CPU.Build.0 = Release|Any CPU
		{0C186B47-927B-41DA-B6E4-470756507794}.Debug|Any CPU.ActiveCfg = Debug|Any CPU
		{0C186B47-927B-41DA-B6E4-470756507794}.Debug|Any CPU.Build.0 = Debug|Any CPU
		{0C186B47-927B-41DA-B6E4-470756507794}.Release|Any CPU.ActiveCfg = Release|Any CPU
		{0C186B47-927B-41DA-B6E4-470756507794}.Release|Any CPU.Build.0 = Release|Any CPU
	EndGlobalSection
	GlobalSection(SolutionProperties) = preSolution
		HideSolutionNode = FALSE
	EndGlobalSection
	GlobalSection(NestedProjects) = preSolution
		{D0318DBE-0B2C-4DB5-8661-827CF7817BFC} = {127C8346-560A-4C3C-999C-3990C6FD15E0}
		{ECB0029F-FF15-4C3B-AEAA-CFF22B1F4C07} = {127C8346-560A-4C3C-999C-3990C6FD15E0}
		{0C186B47-927B-41DA-B6E4-470756507794} = {127C8346-560A-4C3C-999C-3990C6FD15E0}
	EndGlobalSection
	GlobalSection(ExtensibilityGlobals) = postSolution
		SolutionGuid = {95833D84-D05B-49E9-96AA-F49E3CA059D8}
	EndGlobalSection
EndGlobal
