
Microsoft Visual Studio Solution File, Format Version 12.00
# Visual Studio Version 16
VisualStudioVersion = 16.0.32228.343
MinimumVisualStudioVersion = 10.0.40219.1
Project("{FAE04EC0-301F-11D3-BF4B-00C04F79EFBC}") = "MicroCompile", "MicroCompile\MicroCompile.csproj", "{F728A331-8EE9-4336-BD8D-12BBFEBA2449}"
EndProject
Global
	GlobalSection(SolutionConfigurationPlatforms) = preSolution
		Debug|Any CPU = Debug|Any CPU
		Release|Any CPU = Release|Any CPU
	EndGlobalSection
	GlobalSection(ProjectConfigurationPlatforms) = postSolution
		{F728A331-8EE9-4336-BD8D-12BBFEBA2449}.Debug|Any CPU.ActiveCfg = Debug|Any CPU
		{F728A331-8EE9-4336-BD8D-12BBFEBA2449}.Debug|Any CPU.Build.0 = Debug|Any CPU
		{F728A331-8EE9-4336-BD8D-12BBFEBA2449}.Release|Any CPU.ActiveCfg = Release|Any CPU
		{F728A331-8EE9-4336-BD8D-12BBFEBA2449}.Release|Any CPU.Build.0 = Release|Any CPU
	EndGlobalSection
	GlobalSection(SolutionProperties) = preSolution
		HideSolutionNode = FALSE
	EndGlobalSection
	GlobalSection(ExtensibilityGlobals) = postSolution
		SolutionGuid = {31025633-F351-4028-BB39-0B985ECDC250}
	EndGlobalSection
EndGlobal
