
Microsoft Visual Studio Solution File, Format Version 12.00
# Visual Studio Version 16
VisualStudioVersion = 16.0.32228.343
MinimumVisualStudioVersion = 10.0.40219.1
Project("{9A19103F-16F7-4668-BE54-9A1E7A4F7556}") = "SerializeMethod", "SerializeMethod\SerializeMethod.csproj", "{69027347-8A98-4C9C-A658-4CA39EB3B146}"
EndProject
Project("{9A19103F-16F7-4668-BE54-9A1E7A4F7556}") = "UT", "UT\UT.csproj", "{50D72A99-1879-468D-B358-FCB636E81493}"
EndProject
Project("{FAE04EC0-301F-11D3-BF4B-00C04F79EFBC}") = "AttributeClass", "AttributeClass\AttributeClass.csproj", "{A8886BBE-5C8F-469A-A71E-49061C24506B}"
EndProject
Global
	GlobalSection(SolutionConfigurationPlatforms) = preSolution
		Debug|Any CPU = Debug|Any CPU
		Release|Any CPU = Release|Any CPU
	EndGlobalSection
	GlobalSection(ProjectConfigurationPlatforms) = postSolution
		{69027347-8A98-4C9C-A658-4CA39EB3B146}.Debug|Any CPU.ActiveCfg = Debug|Any CPU
		{69027347-8A98-4C9C-A658-4CA39EB3B146}.Debug|Any CPU.Build.0 = Debug|Any CPU
		{69027347-8A98-4C9C-A658-4CA39EB3B146}.Release|Any CPU.ActiveCfg = Release|Any CPU
		{69027347-8A98-4C9C-A658-4CA39EB3B146}.Release|Any CPU.Build.0 = Release|Any CPU
		{50D72A99-1879-468D-B358-FCB636E81493}.Debug|Any CPU.ActiveCfg = Debug|Any CPU
		{50D72A99-1879-468D-B358-FCB636E81493}.Debug|Any CPU.Build.0 = Debug|Any CPU
		{50D72A99-1879-468D-B358-FCB636E81493}.Release|Any CPU.ActiveCfg = Release|Any CPU
		{50D72A99-1879-468D-B358-FCB636E81493}.Release|Any CPU.Build.0 = Release|Any CPU
		{A8886BBE-5C8F-469A-A71E-49061C24506B}.Debug|Any CPU.ActiveCfg = Debug|Any CPU
		{A8886BBE-5C8F-469A-A71E-49061C24506B}.Debug|Any CPU.Build.0 = Debug|Any CPU
		{A8886BBE-5C8F-469A-A71E-49061C24506B}.Release|Any CPU.ActiveCfg = Release|Any CPU
		{A8886BBE-5C8F-469A-A71E-49061C24506B}.Release|Any CPU.Build.0 = Release|Any CPU
	EndGlobalSection
	GlobalSection(SolutionProperties) = preSolution
		HideSolutionNode = FALSE
	EndGlobalSection
	GlobalSection(ExtensibilityGlobals) = postSolution
		SolutionGuid = {50F1DD76-74A4-40FA-9DB2-0BAB72064F3C}
	EndGlobalSection
EndGlobal
