
Microsoft Visual Studio Solution File, Format Version 12.00
# Visual Studio Version 16
VisualStudioVersion = 16.0.32228.343
MinimumVisualStudioVersion = 10.0.40219.1
Project("{9A19103F-16F7-4668-BE54-9A1E7A4F7556}") = "SocketServer", "SocketServer\SocketServer.csproj", "{143E9C26-DA00-42C0-9631-6B053B79FD67}"
EndProject
Project("{9A19103F-16F7-4668-BE54-9A1E7A4F7556}") = "SocketClient", "SocketClient\SocketClient.csproj", "{F1C150F7-B988-481D-9270-00409EFC1F5A}"
EndProject
Project("{8BC9CEB8-8B4A-11D0-8D11-00A0C91BC942}") = "SocketWrapper", "SocketWrapper\SocketWrapper.vcxproj", "{3FA1A459-A085-44AC-AFBE-B1887BB2C34D}"
EndProject
Project("{8BC9CEB8-8B4A-11D0-8D11-00A0C91BC942}") = "GoogleTest", "GoogleTest\GoogleTest.vcxproj", "{9F964753-88F2-4C71-870C-ECA5E09EF348}"
EndProject
Project("{8BC9CEB8-8B4A-11D0-8D11-00A0C91BC942}") = "SocketClientEx", "SocketClientEx\SocketClientEx.vcxproj", "{B518FCA7-4891-4DA4-9B38-BAA5F0F9FF50}"
EndProject
Project("{8BC9CEB8-8B4A-11D0-8D11-00A0C91BC942}") = "SocketServerEx", "SocketServerEx\SocketServerEx.vcxproj", "{0CE75D8F-8F19-4D60-BFA2-932F75F43A65}"
EndProject
Project("{2150E333-8FDC-42A3-9474-1A3956D46DE8}") = "CSharp", "CSharp", "{D43541AF-6010-41ED-A77C-6E3BFD799CB3}"
EndProject
Project("{2150E333-8FDC-42A3-9474-1A3956D46DE8}") = "CPlus", "CPlus", "{6B4E9F7F-559A-4066-9047-651916DC3624}"
EndProject
Global
	GlobalSection(SolutionConfigurationPlatforms) = preSolution
		Debug|Any CPU = Debug|Any CPU
		Debug|x64 = Debug|x64
		Debug|x86 = Debug|x86
		Release|Any CPU = Release|Any CPU
		Release|x64 = Release|x64
		Release|x86 = Release|x86
	EndGlobalSection
	GlobalSection(ProjectConfigurationPlatforms) = postSolution
		{143E9C26-DA00-42C0-9631-6B053B79FD67}.Debug|Any CPU.ActiveCfg = Debug|Any CPU
		{143E9C26-DA00-42C0-9631-6B053B79FD67}.Debug|Any CPU.Build.0 = Debug|Any CPU
		{143E9C26-DA00-42C0-9631-6B053B79FD67}.Debug|x64.ActiveCfg = Debug|Any CPU
		{143E9C26-DA00-42C0-9631-6B053B79FD67}.Debug|x64.Build.0 = Debug|Any CPU
		{143E9C26-DA00-42C0-9631-6B053B79FD67}.Debug|x86.ActiveCfg = Debug|Any CPU
		{143E9C26-DA00-42C0-9631-6B053B79FD67}.Debug|x86.Build.0 = Debug|Any CPU
		{143E9C26-DA00-42C0-9631-6B053B79FD67}.Release|Any CPU.ActiveCfg = Release|Any CPU
		{143E9C26-DA00-42C0-9631-6B053B79FD67}.Release|Any CPU.Build.0 = Release|Any CPU
		{143E9C26-DA00-42C0-9631-6B053B79FD67}.Release|x64.ActiveCfg = Release|Any CPU
		{143E9C26-DA00-42C0-9631-6B053B79FD67}.Release|x64.Build.0 = Release|Any CPU
		{143E9C26-DA00-42C0-9631-6B053B79FD67}.Release|x86.ActiveCfg = Release|Any CPU
		{143E9C26-DA00-42C0-9631-6B053B79FD67}.Release|x86.Build.0 = Release|Any CPU
		{F1C150F7-B988-481D-9270-00409EFC1F5A}.Debug|Any CPU.ActiveCfg = Debug|Any CPU
		{F1C150F7-B988-481D-9270-00409EFC1F5A}.Debug|Any CPU.Build.0 = Debug|Any CPU
		{F1C150F7-B988-481D-9270-00409EFC1F5A}.Debug|x64.ActiveCfg = Debug|Any CPU
		{F1C150F7-B988-481D-9270-00409EFC1F5A}.Debug|x64.Build.0 = Debug|Any CPU
		{F1C150F7-B988-481D-9270-00409EFC1F5A}.Debug|x86.ActiveCfg = Debug|Any CPU
		{F1C150F7-B988-481D-9270-00409EFC1F5A}.Debug|x86.Build.0 = Debug|Any CPU
		{F1C150F7-B988-481D-9270-00409EFC1F5A}.Release|Any CPU.ActiveCfg = Release|Any CPU
		{F1C150F7-B988-481D-9270-00409EFC1F5A}.Release|Any CPU.Build.0 = Release|Any CPU
		{F1C150F7-B988-481D-9270-00409EFC1F5A}.Release|x64.ActiveCfg = Release|Any CPU
		{F1C150F7-B988-481D-9270-00409EFC1F5A}.Release|x64.Build.0 = Release|Any CPU
		{F1C150F7-B988-481D-9270-00409EFC1F5A}.Release|x86.ActiveCfg = Release|Any CPU
		{F1C150F7-B988-481D-9270-00409EFC1F5A}.Release|x86.Build.0 = Release|Any CPU
		{3FA1A459-A085-44AC-AFBE-B1887BB2C34D}.Debug|Any CPU.ActiveCfg = Debug|Win32
		{3FA1A459-A085-44AC-AFBE-B1887BB2C34D}.Debug|x64.ActiveCfg = Debug|x64
		{3FA1A459-A085-44AC-AFBE-B1887BB2C34D}.Debug|x64.Build.0 = Debug|x64
		{3FA1A459-A085-44AC-AFBE-B1887BB2C34D}.Debug|x86.ActiveCfg = Debug|Win32
		{3FA1A459-A085-44AC-AFBE-B1887BB2C34D}.Debug|x86.Build.0 = Debug|Win32
		{3FA1A459-A085-44AC-AFBE-B1887BB2C34D}.Release|Any CPU.ActiveCfg = Release|Win32
		{3FA1A459-A085-44AC-AFBE-B1887BB2C34D}.Release|x64.ActiveCfg = Release|x64
		{3FA1A459-A085-44AC-AFBE-B1887BB2C34D}.Release|x64.Build.0 = Release|x64
		{3FA1A459-A085-44AC-AFBE-B1887BB2C34D}.Release|x86.ActiveCfg = Release|Win32
		{3FA1A459-A085-44AC-AFBE-B1887BB2C34D}.Release|x86.Build.0 = Release|Win32
		{9F964753-88F2-4C71-870C-ECA5E09EF348}.Debug|Any CPU.ActiveCfg = Debug|Win32
		{9F964753-88F2-4C71-870C-ECA5E09EF348}.Debug|x64.ActiveCfg = Debug|x64
		{9F964753-88F2-4C71-870C-ECA5E09EF348}.Debug|x64.Build.0 = Debug|x64
		{9F964753-88F2-4C71-870C-ECA5E09EF348}.Debug|x86.ActiveCfg = Debug|Win32
		{9F964753-88F2-4C71-870C-ECA5E09EF348}.Debug|x86.Build.0 = Debug|Win32
		{9F964753-88F2-4C71-870C-ECA5E09EF348}.Release|Any CPU.ActiveCfg = Release|Win32
		{9F964753-88F2-4C71-870C-ECA5E09EF348}.Release|x64.ActiveCfg = Release|x64
		{9F964753-88F2-4C71-870C-ECA5E09EF348}.Release|x64.Build.0 = Release|x64
		{9F964753-88F2-4C71-870C-ECA5E09EF348}.Release|x86.ActiveCfg = Release|Win32
		{9F964753-88F2-4C71-870C-ECA5E09EF348}.Release|x86.Build.0 = Release|Win32
		{B518FCA7-4891-4DA4-9B38-BAA5F0F9FF50}.Debug|Any CPU.ActiveCfg = Debug|Win32
		{B518FCA7-4891-4DA4-9B38-BAA5F0F9FF50}.Debug|x64.ActiveCfg = Debug|x64
		{B518FCA7-4891-4DA4-9B38-BAA5F0F9FF50}.Debug|x64.Build.0 = Debug|x64
		{B518FCA7-4891-4DA4-9B38-BAA5F0F9FF50}.Debug|x86.ActiveCfg = Debug|Win32
		{B518FCA7-4891-4DA4-9B38-BAA5F0F9FF50}.Debug|x86.Build.0 = Debug|Win32
		{B518FCA7-4891-4DA4-9B38-BAA5F0F9FF50}.Release|Any CPU.ActiveCfg = Release|Win32
		{B518FCA7-4891-4DA4-9B38-BAA5F0F9FF50}.Release|x64.ActiveCfg = Release|x64
		{B518FCA7-4891-4DA4-9B38-BAA5F0F9FF50}.Release|x64.Build.0 = Release|x64
		{B518FCA7-4891-4DA4-9B38-BAA5F0F9FF50}.Release|x86.ActiveCfg = Release|Win32
		{B518FCA7-4891-4DA4-9B38-BAA5F0F9FF50}.Release|x86.Build.0 = Release|Win32
		{0CE75D8F-8F19-4D60-BFA2-932F75F43A65}.Debug|Any CPU.ActiveCfg = Debug|Win32
		{0CE75D8F-8F19-4D60-BFA2-932F75F43A65}.Debug|x64.ActiveCfg = Debug|x64
		{0CE75D8F-8F19-4D60-BFA2-932F75F43A65}.Debug|x64.Build.0 = Debug|x64
		{0CE75D8F-8F19-4D60-BFA2-932F75F43A65}.Debug|x86.ActiveCfg = Debug|Win32
		{0CE75D8F-8F19-4D60-BFA2-932F75F43A65}.Debug|x86.Build.0 = Debug|Win32
		{0CE75D8F-8F19-4D60-BFA2-932F75F43A65}.Release|Any CPU.ActiveCfg = Release|Win32
		{0CE75D8F-8F19-4D60-BFA2-932F75F43A65}.Release|x64.ActiveCfg = Release|x64
		{0CE75D8F-8F19-4D60-BFA2-932F75F43A65}.Release|x64.Build.0 = Release|x64
		{0CE75D8F-8F19-4D60-BFA2-932F75F43A65}.Release|x86.ActiveCfg = Release|Win32
		{0CE75D8F-8F19-4D60-BFA2-932F75F43A65}.Release|x86.Build.0 = Release|Win32
	EndGlobalSection
	GlobalSection(SolutionProperties) = preSolution
		HideSolutionNode = FALSE
	EndGlobalSection
	GlobalSection(NestedProjects) = preSolution
		{143E9C26-DA00-42C0-9631-6B053B79FD67} = {D43541AF-6010-41ED-A77C-6E3BFD799CB3}
		{F1C150F7-B988-481D-9270-00409EFC1F5A} = {D43541AF-6010-41ED-A77C-6E3BFD799CB3}
		{B518FCA7-4891-4DA4-9B38-BAA5F0F9FF50} = {6B4E9F7F-559A-4066-9047-651916DC3624}
		{0CE75D8F-8F19-4D60-BFA2-932F75F43A65} = {6B4E9F7F-559A-4066-9047-651916DC3624}
	EndGlobalSection
	GlobalSection(ExtensibilityGlobals) = postSolution
		SolutionGuid = {6DFDB646-1805-48AE-92C0-1E12D20A34D7}
	EndGlobalSection
EndGlobal
