
Microsoft Visual Studio Solution File, Format Version 12.00
# Visual Studio Version 16
VisualStudioVersion = 16.0.32228.343
MinimumVisualStudioVersion = 10.0.40219.1
Project("{9A19103F-16F7-4668-BE54-9A1E7A4F7556}") = "SocketServer", "SocketServer\SocketServer.csproj", "{143E9C26-DA00-42C0-9631-6B053B79FD67}"
EndProject
Project("{9A19103F-16F7-4668-BE54-9A1E7A4F7556}") = "SocketClient", "SocketClient\SocketClient.csproj", "{F1C150F7-B988-481D-9270-00409EFC1F5A}"
EndProject
Project("{8BC9CEB8-8B4A-11D0-8D11-00A0C91BC942}") = "TestApplication", "TestApplication\TestApplication.vcxproj", "{414144CD-31FB-4D25-8241-FAB717AB7970}"
EndProject
Global
	GlobalSection(SolutionConfigurationPlatforms) = preSolution
		Debug|Any CPU = Debug|Any CPU
		Debug|x64 = Debug|x64
		Debug|x86 = Debug|x86
		Release|Any CPU = Release|Any CPU
		Release|x64 = Release|x64
		Release|x86 = Release|x86
	EndGlobalSection
	GlobalSection(ProjectConfigurationPlatforms) = postSolution
		{143E9C26-DA00-42C0-9631-6B053B79FD67}.Debug|Any CPU.ActiveCfg = Debug|Any CPU
		{143E9C26-DA00-42C0-9631-6B053B79FD67}.Debug|Any CPU.Build.0 = Debug|Any CPU
		{143E9C26-DA00-42C0-9631-6B053B79FD67}.Debug|x64.ActiveCfg = Debug|Any CPU
		{143E9C26-DA00-42C0-9631-6B053B79FD67}.Debug|x64.Build.0 = Debug|Any CPU
		{143E9C26-DA00-42C0-9631-6B053B79FD67}.Debug|x86.ActiveCfg = Debug|Any CPU
		{143E9C26-DA00-42C0-9631-6B053B79FD67}.Debug|x86.Build.0 = Debug|Any CPU
		{143E9C26-DA00-42C0-9631-6B053B79FD67}.Release|Any CPU.ActiveCfg = Release|Any CPU
		{143E9C26-DA00-42C0-9631-6B053B79FD67}.Release|Any CPU.Build.0 = Release|Any CPU
		{143E9C26-DA00-42C0-9631-6B053B79FD67}.Release|x64.ActiveCfg = Release|Any CPU
		{143E9C26-DA00-42C0-9631-6B053B79FD67}.Release|x64.Build.0 = Release|Any CPU
		{143E9C26-DA00-42C0-9631-6B053B79FD67}.Release|x86.ActiveCfg = Release|Any CPU
		{143E9C26-DA00-42C0-9631-6B053B79FD67}.Release|x86.Build.0 = Release|Any CPU
		{F1C150F7-B988-481D-9270-00409EFC1F5A}.Debug|Any CPU.ActiveCfg = Debug|Any CPU
		{F1C150F7-B988-481D-9270-00409EFC1F5A}.Debug|Any CPU.Build.0 = Debug|Any CPU
		{F1C150F7-B988-481D-9270-00409EFC1F5A}.Debug|x64.ActiveCfg = Debug|Any CPU
		{F1C150F7-B988-481D-9270-00409EFC1F5A}.Debug|x64.Build.0 = Debug|Any CPU
		{F1C150F7-B988-481D-9270-00409EFC1F5A}.Debug|x86.ActiveCfg = Debug|Any CPU
		{F1C150F7-B988-481D-9270-00409EFC1F5A}.Debug|x86.Build.0 = Debug|Any CPU
		{F1C150F7-B988-481D-9270-00409EFC1F5A}.Release|Any CPU.ActiveCfg = Release|Any CPU
		{F1C150F7-B988-481D-9270-00409EFC1F5A}.Release|Any CPU.Build.0 = Release|Any CPU
		{F1C150F7-B988-481D-9270-00409EFC1F5A}.Release|x64.ActiveCfg = Release|Any CPU
		{F1C150F7-B988-481D-9270-00409EFC1F5A}.Release|x64.Build.0 = Release|Any CPU
		{F1C150F7-B988-481D-9270-00409EFC1F5A}.Release|x86.ActiveCfg = Release|Any CPU
		{F1C150F7-B988-481D-9270-00409EFC1F5A}.Release|x86.Build.0 = Release|Any CPU
		{414144CD-31FB-4D25-8241-FAB717AB7970}.Debug|Any CPU.ActiveCfg = Debug|Win32
		{414144CD-31FB-4D25-8241-FAB717AB7970}.Debug|x64.ActiveCfg = Debug|x64
		{414144CD-31FB-4D25-8241-FAB717AB7970}.Debug|x64.Build.0 = Debug|x64
		{414144CD-31FB-4D25-8241-FAB717AB7970}.Debug|x86.ActiveCfg = Debug|Win32
		{414144CD-31FB-4D25-8241-FAB717AB7970}.Debug|x86.Build.0 = Debug|Win32
		{414144CD-31FB-4D25-8241-FAB717AB7970}.Release|Any CPU.ActiveCfg = Release|Win32
		{414144CD-31FB-4D25-8241-FAB717AB7970}.Release|x64.ActiveCfg = Release|x64
		{414144CD-31FB-4D25-8241-FAB717AB7970}.Release|x64.Build.0 = Release|x64
		{414144CD-31FB-4D25-8241-FAB717AB7970}.Release|x86.ActiveCfg = Release|Win32
		{414144CD-31FB-4D25-8241-FAB717AB7970}.Release|x86.Build.0 = Release|Win32
	EndGlobalSection
	GlobalSection(SolutionProperties) = preSolution
		HideSolutionNode = FALSE
	EndGlobalSection
	GlobalSection(ExtensibilityGlobals) = postSolution
		SolutionGuid = {6DFDB646-1805-48AE-92C0-1E12D20A34D7}
	EndGlobalSection
EndGlobal
