
Microsoft Visual Studio Solution File, Format Version 12.00
# Visual Studio Version 16
VisualStudioVersion = 16.0.32228.343
MinimumVisualStudioVersion = 10.0.40219.1
Project("{9A19103F-16F7-4668-BE54-9A1E7A4F7556}") = "GrpcCommon", "GrpcCommon\GrpcCommon.csproj", "{507A6BEA-559B-4985-90FD-88F29548475B}"
EndProject
Project("{FAE04EC0-301F-11D3-BF4B-00C04F79EFBC}") = "ProcessA", "ProcessA\ProcessA.csproj", "{35AA0FBC-A9C6-469F-AEF2-508D913DC310}"
EndProject
Project("{FAE04EC0-301F-11D3-BF4B-00C04F79EFBC}") = "ProcessB", "ProcessB\ProcessB.csproj", "{EA578261-23D7-459F-8984-4B6D8F0CF989}"
EndProject
Global
	GlobalSection(SolutionConfigurationPlatforms) = preSolution
		Debug|Any CPU = Debug|Any CPU
		Release|Any CPU = Release|Any CPU
	EndGlobalSection
	GlobalSection(ProjectConfigurationPlatforms) = postSolution
		{507A6BEA-559B-4985-90FD-88F29548475B}.Debug|Any CPU.ActiveCfg = Debug|Any CPU
		{507A6BEA-559B-4985-90FD-88F29548475B}.Debug|Any CPU.Build.0 = Debug|Any CPU
		{507A6BEA-559B-4985-90FD-88F29548475B}.Release|Any CPU.ActiveCfg = Release|Any CPU
		{507A6BEA-559B-4985-90FD-88F29548475B}.Release|Any CPU.Build.0 = Release|Any CPU
		{35AA0FBC-A9C6-469F-AEF2-508D913DC310}.Debug|Any CPU.ActiveCfg = Debug|Any CPU
		{35AA0FBC-A9C6-469F-AEF2-508D913DC310}.Debug|Any CPU.Build.0 = Debug|Any CPU
		{35AA0FBC-A9C6-469F-AEF2-508D913DC310}.Release|Any CPU.ActiveCfg = Release|Any CPU
		{35AA0FBC-A9C6-469F-AEF2-508D913DC310}.Release|Any CPU.Build.0 = Release|Any CPU
		{EA578261-23D7-459F-8984-4B6D8F0CF989}.Debug|Any CPU.ActiveCfg = Debug|Any CPU
		{EA578261-23D7-459F-8984-4B6D8F0CF989}.Debug|Any CPU.Build.0 = Debug|Any CPU
		{EA578261-23D7-459F-8984-4B6D8F0CF989}.Release|Any CPU.ActiveCfg = Release|Any CPU
		{EA578261-23D7-459F-8984-4B6D8F0CF989}.Release|Any CPU.Build.0 = Release|Any CPU
	EndGlobalSection
	GlobalSection(SolutionProperties) = preSolution
		HideSolutionNode = FALSE
	EndGlobalSection
	GlobalSection(ExtensibilityGlobals) = postSolution
		SolutionGuid = {24738F13-A611-4E07-82ED-FB5E04B39D54}
	EndGlobalSection
EndGlobal
