
Microsoft Visual Studio Solution File, Format Version 12.00
# Visual Studio Version 16
VisualStudioVersion = 16.0.30709.64
MinimumVisualStudioVersion = 10.0.40219.1
Project("{9A19103F-16F7-4668-BE54-9A1E7A4F7556}") = "MyServer.Application", "MyServer.Application\MyServer.Application.csproj", "{0E4A8C17-8D7A-40D6-8181-278A8757A1BD}"
EndProject
Project("{9A19103F-16F7-4668-BE54-9A1E7A4F7556}") = "MyServer.Core", "MyServer.Core\MyServer.Core.csproj", "{D5714E46-8355-4205-BF10-A644265F28C1}"
EndProject
Project("{9A19103F-16F7-4668-BE54-9A1E7A4F7556}") = "MyServer.Web.Host", "MyServer.Web.Host\MyServer.Web.Host.csproj", "{1A4F95E7-0347-45D3-84AE-8BCCC91957FF}"
EndProject
Project("{9A19103F-16F7-4668-BE54-9A1E7A4F7556}") = "MyServer.Web.Core", "MyServer.Web.Core\MyServer.Web.Core.csproj", "{7577C610-A002-4ADA-9CAE-BEF4CFD4CEBE}"
EndProject
Project("{FAE04EC0-301F-11D3-BF4B-00C04F79EFBC}") = "MyServer.DataModel", "MyServer.DataModel\MyServer.DataModel.csproj", "{F840DE52-8674-4B44-BA9D-BC346FA9B755}"
EndProject
Global
	GlobalSection(SolutionConfigurationPlatforms) = preSolution
		Debug|Any CPU = Debug|Any CPU
		Release|Any CPU = Release|Any CPU
	EndGlobalSection
	GlobalSection(ProjectConfigurationPlatforms) = postSolution
		{0E4A8C17-8D7A-40D6-8181-278A8757A1BD}.Debug|Any CPU.ActiveCfg = Debug|Any CPU
		{0E4A8C17-8D7A-40D6-8181-278A8757A1BD}.Debug|Any CPU.Build.0 = Debug|Any CPU
		{0E4A8C17-8D7A-40D6-8181-278A8757A1BD}.Release|Any CPU.ActiveCfg = Release|Any CPU
		{0E4A8C17-8D7A-40D6-8181-278A8757A1BD}.Release|Any CPU.Build.0 = Release|Any CPU
		{D5714E46-8355-4205-BF10-A644265F28C1}.Debug|Any CPU.ActiveCfg = Debug|Any CPU
		{D5714E46-8355-4205-BF10-A644265F28C1}.Debug|Any CPU.Build.0 = Debug|Any CPU
		{D5714E46-8355-4205-BF10-A644265F28C1}.Release|Any CPU.ActiveCfg = Release|Any CPU
		{D5714E46-8355-4205-BF10-A644265F28C1}.Release|Any CPU.Build.0 = Release|Any CPU
		{1A4F95E7-0347-45D3-84AE-8BCCC91957FF}.Debug|Any CPU.ActiveCfg = Debug|Any CPU
		{1A4F95E7-0347-45D3-84AE-8BCCC91957FF}.Debug|Any CPU.Build.0 = Debug|Any CPU
		{1A4F95E7-0347-45D3-84AE-8BCCC91957FF}.Release|Any CPU.ActiveCfg = Release|Any CPU
		{1A4F95E7-0347-45D3-84AE-8BCCC91957FF}.Release|Any CPU.Build.0 = Release|Any CPU
		{7577C610-A002-4ADA-9CAE-BEF4CFD4CEBE}.Debug|Any CPU.ActiveCfg = Debug|Any CPU
		{7577C610-A002-4ADA-9CAE-BEF4CFD4CEBE}.Debug|Any CPU.Build.0 = Debug|Any CPU
		{7577C610-A002-4ADA-9CAE-BEF4CFD4CEBE}.Release|Any CPU.ActiveCfg = Release|Any CPU
		{7577C610-A002-4ADA-9CAE-BEF4CFD4CEBE}.Release|Any CPU.Build.0 = Release|Any CPU
		{F840DE52-8674-4B44-BA9D-BC346FA9B755}.Debug|Any CPU.ActiveCfg = Debug|Any CPU
		{F840DE52-8674-4B44-BA9D-BC346FA9B755}.Debug|Any CPU.Build.0 = Debug|Any CPU
		{F840DE52-8674-4B44-BA9D-BC346FA9B755}.Release|Any CPU.ActiveCfg = Release|Any CPU
		{F840DE52-8674-4B44-BA9D-BC346FA9B755}.Release|Any CPU.Build.0 = Release|Any CPU
	EndGlobalSection
	GlobalSection(SolutionProperties) = preSolution
		HideSolutionNode = FALSE
	EndGlobalSection
	GlobalSection(ExtensibilityGlobals) = postSolution
		SolutionGuid = {9A55C749-0BFF-4EFD-8499-12A2CB3B5B07}
	EndGlobalSection
EndGlobal
